
Microsoft Visual Studio Solution File, Format Version 12.00
# Visual Studio Version 16
VisualStudioVersion = 16.0.31005.135
MinimumVisualStudioVersion = 10.0.40219.1
Project("{FAE04EC0-301F-11D3-BF4B-00C04F79EFBC}") = "ClientLoader", "ClientLoader\ClientLoader.csproj", "{F99510C9-2DB0-45B0-ABB6-28E1ECD0EFC6}"
EndProject
Project("{FAE04EC0-301F-11D3-BF4B-00C04F79EFBC}") = "WebServerApiUpload", "WebServerApiUpload\WebServerApiUpload.csproj", "{9DD2DF9B-E104-440A-94A3-5D6706F80918}"
EndProject
Global
	GlobalSection(SolutionConfigurationPlatforms) = preSolution
		Debug|Any CPU = Debug|Any CPU
		Release|Any CPU = Release|Any CPU
	EndGlobalSection
	GlobalSection(ProjectConfigurationPlatforms) = postSolution
		{F99510C9-2DB0-45B0-ABB6-28E1ECD0EFC6}.Debug|Any CPU.ActiveCfg = Debug|Any CPU
		{F99510C9-2DB0-45B0-ABB6-28E1ECD0EFC6}.Debug|Any CPU.Build.0 = Debug|Any CPU
		{F99510C9-2DB0-45B0-ABB6-28E1ECD0EFC6}.Release|Any CPU.ActiveCfg = Release|Any CPU
		{F99510C9-2DB0-45B0-ABB6-28E1ECD0EFC6}.Release|Any CPU.Build.0 = Release|Any CPU
		{9DD2DF9B-E104-440A-94A3-5D6706F80918}.Debug|Any CPU.ActiveCfg = Debug|Any CPU
		{9DD2DF9B-E104-440A-94A3-5D6706F80918}.Debug|Any CPU.Build.0 = Debug|Any CPU
		{9DD2DF9B-E104-440A-94A3-5D6706F80918}.Release|Any CPU.ActiveCfg = Release|Any CPU
		{9DD2DF9B-E104-440A-94A3-5D6706F80918}.Release|Any CPU.Build.0 = Release|Any CPU
	EndGlobalSection
	GlobalSection(SolutionProperties) = preSolution
		HideSolutionNode = FALSE
	EndGlobalSection
	GlobalSection(ExtensibilityGlobals) = postSolution
		SolutionGuid = {916EB619-B59D-43B0-B069-34D9C84CD383}
	EndGlobalSection
EndGlobal
